// !$*UTF8*$!
{
	archiveVersion = 1;
	classes = {
	};
	objectVersion = 48;
	objects = {

/* Begin PBXBuildFile section */
		F4740A7E1F5F4D0D00180099 /* AppDelegate.swift in Sources */ = {isa = PBXBuildFile; fileRef = F4740A7D1F5F4D0D00180099 /* AppDelegate.swift */; };
		F4740A801F5F4D0D00180099 /* ViewController.swift in Sources */ = {isa = PBXBuildFile; fileRef = F4740A7F1F5F4D0D00180099 /* ViewController.swift */; };
		F4740A831F5F4D0D00180099 /* Main.storyboard in Resources */ = {isa = PBXBuildFile; fileRef = F4740A811F5F4D0D00180099 /* Main.storyboard */; };
		F4740A851F5F4D0D00180099 /* Assets.xcassets in Resources */ = {isa = PBXBuildFile; fileRef = F4740A841F5F4D0D00180099 /* Assets.xcassets */; };
		F4740A881F5F4D0D00180099 /* LaunchScreen.storyboard in Resources */ = {isa = PBXBuildFile; fileRef = F4740A861F5F4D0D00180099 /* LaunchScreen.storyboard */; };
		F4740A931F5F4D0D00180099 /* ios_travis_sampleTests.swift in Sources */ = {isa = PBXBuildFile; fileRef = F4740A921F5F4D0D00180099 /* ios_travis_sampleTests.swift */; };
		F4740A9E1F5F4D0D00180099 /* ios_travis_sampleUITests.swift in Sources */ = {isa = PBXBuildFile; fileRef = F4740A9D1F5F4D0D00180099 /* ios_travis_sampleUITests.swift */; };
/* End PBXBuildFile section */

/* Begin PBXContainerItemProxy section */
		F4740A8F1F5F4D0D00180099 /* PBXContainerItemProxy */ = {
			isa = PBXContainerItemProxy;
			containerPortal = F4740A721F5F4D0D00180099 /* Project object */;
			proxyType = 1;
			remoteGlobalIDString = F4740A791F5F4D0D00180099;
			remoteInfo = "ios-travis-sample";
		};
		F4740A9A1F5F4D0D00180099 /* PBXContainerItemProxy */ = {
			isa = PBXContainerItemProxy;
			containerPortal = F4740A721F5F4D0D00180099 /* Project object */;
			proxyType = 1;
			remoteGlobalIDString = F4740A791F5F4D0D00180099;
			remoteInfo = "ios-travis-sample";
		};
/* End PBXContainerItemProxy section */

/* Begin PBXFileReference section */
		F4740A7A1F5F4D0D00180099 /* ios-travis-sample.app */ = {isa = PBXFileReference; explicitFileType = wrapper.application; includeInIndex = 0; path = "ios-travis-sample.app"; sourceTree = BUILT_PRODUCTS_DIR; };
		F4740A7D1F5F4D0D00180099 /* AppDelegate.swift */ = {isa = PBXFileReference; lastKnownFileType = sourcecode.swift; path = AppDelegate.swift; sourceTree = "<group>"; };
		F4740A7F1F5F4D0D00180099 /* ViewController.swift */ = {isa = PBXFileReference; lastKnownFileType = sourcecode.swift; path = ViewController.swift; sourceTree = "<group>"; };
		F4740A821F5F4D0D00180099 /* Base */ = {isa = PBXFileReference; lastKnownFileType = file.storyboard; name = Base; path = Base.lproj/Main.storyboard; sourceTree = "<group>"; };
		F4740A841F5F4D0D00180099 /* Assets.xcassets */ = {isa = PBXFileReference; lastKnownFileType = folder.assetcatalog; path = Assets.xcassets; sourceTree = "<group>"; };
		F4740A871F5F4D0D00180099 /* Base */ = {isa = PBXFileReference; lastKnownFileType = file.storyboard; name = Base; path = Base.lproj/LaunchScreen.storyboard; sourceTree = "<group>"; };
		F4740A891F5F4D0D00180099 /* Info.plist */ = {isa = PBXFileReference; lastKnownFileType = text.plist.xml; path = Info.plist; sourceTree = "<group>"; };
		F4740A8E1F5F4D0D00180099 /* ios-travis-sampleTests.xctest */ = {isa = PBXFileReference; explicitFileType = wrapper.cfbundle; includeInIndex = 0; path = "ios-travis-sampleTests.xctest"; sourceTree = BUILT_PRODUCTS_DIR; };
		F4740A921F5F4D0D00180099 /* ios_travis_sampleTests.swift */ = {isa = PBXFileReference; lastKnownFileType = sourcecode.swift; path = ios_travis_sampleTests.swift; sourceTree = "<group>"; };
		F4740A941F5F4D0D00180099 /* Info.plist */ = {isa = PBXFileReference; lastKnownFileType = text.plist.xml; path = Info.plist; sourceTree = "<group>"; };
		F4740A991F5F4D0D00180099 /* ios-travis-sampleUITests.xctest */ = {isa = PBXFileReference; explicitFileType = wrapper.cfbundle; includeInIndex = 0; path = "ios-travis-sampleUITests.xctest"; sourceTree = BUILT_PRODUCTS_DIR; };
		F4740A9D1F5F4D0D00180099 /* ios_travis_sampleUITests.swift */ = {isa = PBXFileReference; lastKnownFileType = sourcecode.swift; path = ios_travis_sampleUITests.swift; sourceTree = "<group>"; };
		F4740A9F1F5F4D0D00180099 /* Info.plist */ = {isa = PBXFileReference; lastKnownFileType = text.plist.xml; path = Info.plist; sourceTree = "<group>"; };
/* End PBXFileReference section */

/* Begin PBXFrameworksBuildPhase section */
		F4740A771F5F4D0D00180099 /* Frameworks */ = {
			isa = PBXFrameworksBuildPhase;
			buildActionMask = 2147483647;
			files = (
			);
			runOnlyForDeploymentPostprocessing = 0;
		};
		F4740A8B1F5F4D0D00180099 /* Frameworks */ = {
			isa = PBXFrameworksBuildPhase;
			buildActionMask = 2147483647;
			files = (
			);
			runOnlyForDeploymentPostprocessing = 0;
		};
		F4740A961F5F4D0D00180099 /* Frameworks */ = {
			isa = PBXFrameworksBuildPhase;
			buildActionMask = 2147483647;
			files = (
			);
			runOnlyForDeploymentPostprocessing = 0;
		};
/* End PBXFrameworksBuildPhase section */

/* Begin PBXGroup section */
		F4740A711F5F4D0D00180099 = {
			isa = PBXGroup;
			children = (
				F4740A7C1F5F4D0D00180099 /* ios-travis-sample */,
				F4740A911F5F4D0D00180099 /* ios-travis-sampleTests */,
				F4740A9C1F5F4D0D00180099 /* ios-travis-sampleUITests */,
				F4740A7B1F5F4D0D00180099 /* Products */,
			);
			sourceTree = "<group>";
		};
		F4740A7B1F5F4D0D00180099 /* Products */ = {
			isa = PBXGroup;
			children = (
				F4740A7A1F5F4D0D00180099 /* ios-travis-sample.app */,
				F4740A8E1F5F4D0D00180099 /* ios-travis-sampleTests.xctest */,
				F4740A991F5F4D0D00180099 /* ios-travis-sampleUITests.xctest */,
			);
			name = Products;
			sourceTree = "<group>";
		};
		F4740A7C1F5F4D0D00180099 /* ios-travis-sample */ = {
			isa = PBXGroup;
			children = (
				F4740A7D1F5F4D0D00180099 /* AppDelegate.swift */,
				F4740A7F1F5F4D0D00180099 /* ViewController.swift */,
				F4740A811F5F4D0D00180099 /* Main.storyboard */,
				F4740A841F5F4D0D00180099 /* Assets.xcassets */,
				F4740A861F5F4D0D00180099 /* LaunchScreen.storyboard */,
				F4740A891F5F4D0D00180099 /* Info.plist */,
			);
			path = "ios-travis-sample";
			sourceTree = "<group>";
		};
		F4740A911F5F4D0D00180099 /* ios-travis-sampleTests */ = {
			isa = PBXGroup;
			children = (
				F4740A921F5F4D0D00180099 /* ios_travis_sampleTests.swift */,
				F4740A941F5F4D0D00180099 /* Info.plist */,
			);
			path = "ios-travis-sampleTests";
			sourceTree = "<group>";
		};
		F4740A9C1F5F4D0D00180099 /* ios-travis-sampleUITests */ = {
			isa = PBXGroup;
			children = (
				F4740A9D1F5F4D0D00180099 /* ios_travis_sampleUITests.swift */,
				F4740A9F1F5F4D0D00180099 /* Info.plist */,
			);
			path = "ios-travis-sampleUITests";
			sourceTree = "<group>";
		};
/* End PBXGroup section */

/* Begin PBXNativeTarget section */
		F4740A791F5F4D0D00180099 /* ios-travis-sample */ = {
			isa = PBXNativeTarget;
			buildConfigurationList = F4740AA21F5F4D0D00180099 /* Build configuration list for PBXNativeTarget "ios-travis-sample" */;
			buildPhases = (
				F4740A761F5F4D0D00180099 /* Sources */,
				F4740A771F5F4D0D00180099 /* Frameworks */,
				F4740A781F5F4D0D00180099 /* Resources */,
			);
			buildRules = (
			);
			dependencies = (
			);
			name = "ios-travis-sample";
			productName = "ios-travis-sample";
			productReference = F4740A7A1F5F4D0D00180099 /* ios-travis-sample.app */;
			productType = "com.apple.product-type.application";
		};
		F4740A8D1F5F4D0D00180099 /* ios-travis-sampleTests */ = {
			isa = PBXNativeTarget;
			buildConfigurationList = F4740AA51F5F4D0D00180099 /* Build configuration list for PBXNativeTarget "ios-travis-sampleTests" */;
			buildPhases = (
				F4740A8A1F5F4D0D00180099 /* Sources */,
				F4740A8B1F5F4D0D00180099 /* Frameworks */,
				F4740A8C1F5F4D0D00180099 /* Resources */,
			);
			buildRules = (
			);
			dependencies = (
				F4740A901F5F4D0D00180099 /* PBXTargetDependency */,
			);
			name = "ios-travis-sampleTests";
			productName = "ios-travis-sampleTests";
			productReference = F4740A8E1F5F4D0D00180099 /* ios-travis-sampleTests.xctest */;
			productType = "com.apple.product-type.bundle.unit-test";
		};
		F4740A981F5F4D0D00180099 /* ios-travis-sampleUITests */ = {
			isa = PBXNativeTarget;
			buildConfigurationList = F4740AA81F5F4D0D00180099 /* Build configuration list for PBXNativeTarget "ios-travis-sampleUITests" */;
			buildPhases = (
				F4740A951F5F4D0D00180099 /* Sources */,
				F4740A961F5F4D0D00180099 /* Frameworks */,
				F4740A971F5F4D0D00180099 /* Resources */,
			);
			buildRules = (
			);
			dependencies = (
				F4740A9B1F5F4D0D00180099 /* PBXTargetDependency */,
			);
			name = "ios-travis-sampleUITests";
			productName = "ios-travis-sampleUITests";
			productReference = F4740A991F5F4D0D00180099 /* ios-travis-sampleUITests.xctest */;
			productType = "com.apple.product-type.bundle.ui-testing";
		};
/* End PBXNativeTarget section */

/* Begin PBXProject section */
		F4740A721F5F4D0D00180099 /* Project object */ = {
			isa = PBXProject;
			attributes = {
				LastSwiftUpdateCheck = 0900;
				LastUpgradeCheck = 0900;
				ORGANIZATIONNAME = "Alexey Shtanko";
				TargetAttributes = {
					F4740A791F5F4D0D00180099 = {
						CreatedOnToolsVersion = 9.0;
					};
					F4740A8D1F5F4D0D00180099 = {
						CreatedOnToolsVersion = 9.0;
						TestTargetID = F4740A791F5F4D0D00180099;
					};
					F4740A981F5F4D0D00180099 = {
						CreatedOnToolsVersion = 9.0;
						TestTargetID = F4740A791F5F4D0D00180099;
					};
				};
			};
			buildConfigurationList = F4740A751F5F4D0D00180099 /* Build configuration list for PBXProject "ios-travis-sample" */;
			compatibilityVersion = "Xcode 8.0";
			developmentRegion = en;
			hasScannedForEncodings = 0;
			knownRegions = (
				en,
				Base,
			);
			mainGroup = F4740A711F5F4D0D00180099;
			productRefGroup = F4740A7B1F5F4D0D00180099 /* Products */;
			projectDirPath = "";
			projectRoot = "";
			targets = (
				F4740A791F5F4D0D00180099 /* ios-travis-sample */,
				F4740A8D1F5F4D0D00180099 /* ios-travis-sampleTests */,
				F4740A981F5F4D0D00180099 /* ios-travis-sampleUITests */,
			);
		};
/* End PBXProject section */

/* Begin PBXResourcesBuildPhase section */
		F4740A781F5F4D0D00180099 /* Resources */ = {
			isa = PBXResourcesBuildPhase;
			buildActionMask = 2147483647;
			files = (
				F4740A881F5F4D0D00180099 /* LaunchScreen.storyboard in Resources */,
				F4740A851F5F4D0D00180099 /* Assets.xcassets in Resources */,
				F4740A831F5F4D0D00180099 /* Main.storyboard in Resources */,
			);
			runOnlyForDeploymentPostprocessing = 0;
		};
		F4740A8C1F5F4D0D00180099 /* Resources */ = {
			isa = PBXResourcesBuildPhase;
			buildActionMask = 2147483647;
			files = (
			);
			runOnlyForDeploymentPostprocessing = 0;
		};
		F4740A971F5F4D0D00180099 /* Resources */ = {
			isa = PBXResourcesBuildPhase;
			buildActionMask = 2147483647;
			files = (
			);
			runOnlyForDeploymentPostprocessing = 0;
		};
/* End PBXResourcesBuildPhase section */

/* Begin PBXSourcesBuildPhase section */
		F4740A761F5F4D0D00180099 /* Sources */ = {
			isa = PBXSourcesBuildPhase;
			buildActionMask = 2147483647;
			files = (
				F4740A801F5F4D0D00180099 /* ViewController.swift in Sources */,
				F4740A7E1F5F4D0D00180099 /* AppDelegate.swift in Sources */,
			);
			runOnlyForDeploymentPostprocessing = 0;
		};
		F4740A8A1F5F4D0D00180099 /* Sources */ = {
			isa = PBXSourcesBuildPhase;
			buildActionMask = 2147483647;
			files = (
				F4740A931F5F4D0D00180099 /* ios_travis_sampleTests.swift in Sources */,
			);
			runOnlyForDeploymentPostprocessing = 0;
		};
		F4740A951F5F4D0D00180099 /* Sources */ = {
			isa = PBXSourcesBuildPhase;
			buildActionMask = 2147483647;
			files = (
				F4740A9E1F5F4D0D00180099 /* ios_travis_sampleUITests.swift in Sources */,
			);
			runOnlyForDeploymentPostprocessing = 0;
		};
/* End PBXSourcesBuildPhase section */

/* Begin PBXTargetDependency section */
		F4740A901F5F4D0D00180099 /* PBXTargetDependency */ = {
			isa = PBXTargetDependency;
			target = F4740A791F5F4D0D00180099 /* ios-travis-sample */;
			targetProxy = F4740A8F1F5F4D0D00180099 /* PBXContainerItemProxy */;
		};
		F4740A9B1F5F4D0D00180099 /* PBXTargetDependency */ = {
			isa = PBXTargetDependency;
			target = F4740A791F5F4D0D00180099 /* ios-travis-sample */;
			targetProxy = F4740A9A1F5F4D0D00180099 /* PBXContainerItemProxy */;
		};
/* End PBXTargetDependency section */

/* Begin PBXVariantGroup section */
		F4740A811F5F4D0D00180099 /* Main.storyboard */ = {
			isa = PBXVariantGroup;
			children = (
				F4740A821F5F4D0D00180099 /* Base */,
			);
			name = Main.storyboard;
			sourceTree = "<group>";
		};
		F4740A861F5F4D0D00180099 /* LaunchScreen.storyboard */ = {
			isa = PBXVariantGroup;
			children = (
				F4740A871F5F4D0D00180099 /* Base */,
			);
			name = LaunchScreen.storyboard;
			sourceTree = "<group>";
		};
/* End PBXVariantGroup section */

/* Begin XCBuildConfiguration section */
		F4740AA01F5F4D0D00180099 /* Debug */ = {
			isa = XCBuildConfiguration;
			buildSettings = {
				ALWAYS_SEARCH_USER_PATHS = NO;
				CLANG_ANALYZER_NONNULL = YES;
				CLANG_ANALYZER_NUMBER_OBJECT_CONVERSION = YES_AGGRESSIVE;
				CLANG_CXX_LANGUAGE_STANDARD = "gnu++14";
				CLANG_CXX_LIBRARY = "libc++";
				CLANG_ENABLE_MODULES = YES;
				CLANG_ENABLE_OBJC_ARC = YES;
				CLANG_WARN_BLOCK_CAPTURE_AUTORELEASING = YES;
				CLANG_WARN_BOOL_CONVERSION = YES;
				CLANG_WARN_COMMA = YES;
				CLANG_WARN_CONSTANT_CONVERSION = YES;
				CLANG_WARN_DIRECT_OBJC_ISA_USAGE = YES_ERROR;
				CLANG_WARN_DOCUMENTATION_COMMENTS = YES;
				CLANG_WARN_EMPTY_BODY = YES;
				CLANG_WARN_ENUM_CONVERSION = YES;
				CLANG_WARN_INFINITE_RECURSION = YES;
				CLANG_WARN_INT_CONVERSION = YES;
				CLANG_WARN_NON_LITERAL_NULL_CONVERSION = YES;
				CLANG_WARN_OBJC_LITERAL_CONVERSION = YES;
				CLANG_WARN_OBJC_ROOT_CLASS = YES_ERROR;
				CLANG_WARN_RANGE_LOOP_ANALYSIS = YES;
				CLANG_WARN_STRICT_PROTOTYPES = YES;
				CLANG_WARN_SUSPICIOUS_MOVE = YES;
				CLANG_WARN_UNGUARDED_AVAILABILITY = YES_AGGRESSIVE;
				CLANG_WARN_UNREACHABLE_CODE = YES;
				CLANG_WARN__DUPLICATE_METHOD_MATCH = YES;
				CODE_SIGN_IDENTITY = "iPhone Developer";
				COPY_PHASE_STRIP = NO;
				DEBUG_INFORMATION_FORMAT = dwarf;
				ENABLE_STRICT_OBJC_MSGSEND = YES;
				ENABLE_TESTABILITY = YES;
				GCC_C_LANGUAGE_STANDARD = gnu11;
				GCC_DYNAMIC_NO_PIC = NO;
				GCC_NO_COMMON_BLOCKS = YES;
				GCC_OPTIMIZATION_LEVEL = 0;
				GCC_PREPROCESSOR_DEFINITIONS = (
					"DEBUG=1",
					"$(inherited)",
				);
				GCC_WARN_64_TO_32_BIT_CONVERSION = YES;
				GCC_WARN_ABOUT_RETURN_TYPE = YES_ERROR;
				GCC_WARN_UNDECLARED_SELECTOR = YES;
				GCC_WARN_UNINITIALIZED_AUTOS = YES_AGGRESSIVE;
				GCC_WARN_UNUSED_FUNCTION = YES;
				GCC_WARN_UNUSED_VARIABLE = YES;
				IPHONEOS_DEPLOYMENT_TARGET = 11.0;
				MTL_ENABLE_DEBUG_INFO = YES;
				ONLY_ACTIVE_ARCH = YES;
				SDKROOT = iphoneos;
				SWIFT_ACTIVE_COMPILATION_CONDITIONS = DEBUG;
				SWIFT_OPTIMIZATION_LEVEL = "-Onone";
			};
			name = Debug;
		};
		F4740AA11F5F4D0D00180099 /* Release */ = {
			isa = XCBuildConfiguration;
			buildSettings = {
				ALWAYS_SEARCH_USER_PATHS = NO;
				CLANG_ANALYZER_NONNULL = YES;
				CLANG_ANALYZER_NUMBER_OBJECT_CONVERSION = YES_AGGRESSIVE;
				CLANG_CXX_LANGUAGE_STANDARD = "gnu++14";
				CLANG_CXX_LIBRARY = "libc++";
				CLANG_ENABLE_MODULES = YES;
				CLANG_ENABLE_OBJC_ARC = YES;
				CLANG_WARN_BLOCK_CAPTURE_AUTORELEASING = YES;
				CLANG_WARN_BOOL_CONVERSION = YES;
				CLANG_WARN_COMMA = YES;
				CLANG_WARN_CONSTANT_CONVERSION = YES;
				CLANG_WARN_DIRECT_OBJC_ISA_USAGE = YES_ERROR;
				CLANG_WARN_DOCUMENTATION_COMMENTS = YES;
				CLANG_WARN_EMPTY_BODY = YES;
				CLANG_WARN_ENUM_CONVERSION = YES;
				CLANG_WARN_INFINITE_RECURSION = YES;
				CLANG_WARN_INT_CONVERSION = YES;
				CLANG_WARN_NON_LITERAL_NULL_CONVERSION = YES;
				CLANG_WARN_OBJC_LITERAL_CONVERSION = YES;
				CLANG_WARN_OBJC_ROOT_CLASS = YES_ERROR;
				CLANG_WARN_RANGE_LOOP_ANALYSIS = YES;
				CLANG_WARN_STRICT_PROTOTYPES = YES;
				CLANG_WARN_SUSPICIOUS_MOVE = YES;
				CLANG_WARN_UNGUARDED_AVAILABILITY = YES_AGGRESSIVE;
				CLANG_WARN_UNREACHABLE_CODE = YES;
				CLANG_WARN__DUPLICATE_METHOD_MATCH = YES;
				CODE_SIGN_IDENTITY = "iPhone Developer";
				COPY_PHASE_STRIP = NO;
				DEBUG_INFORMATION_FORMAT = "dwarf-with-dsym";
				ENABLE_NS_ASSERTIONS = NO;
				ENABLE_STRICT_OBJC_MSGSEND = YES;
				GCC_C_LANGUAGE_STANDARD = gnu11;
				GCC_NO_COMMON_BLOCKS = YES;
				GCC_WARN_64_TO_32_BIT_CONVERSION = YES;
				GCC_WARN_ABOUT_RETURN_TYPE = YES_ERROR;
				GCC_WARN_UNDECLARED_SELECTOR = YES;
				GCC_WARN_UNINITIALIZED_AUTOS = YES_AGGRESSIVE;
				GCC_WARN_UNUSED_FUNCTION = YES;
				GCC_WARN_UNUSED_VARIABLE = YES;
				IPHONEOS_DEPLOYMENT_TARGET = 11.0;
				MTL_ENABLE_DEBUG_INFO = NO;
				SDKROOT = iphoneos;
				SWIFT_OPTIMIZATION_LEVEL = "-Owholemodule";
				VALIDATE_PRODUCT = YES;
			};
			name = Release;
		};
		F4740AA31F5F4D0D00180099 /* Debug */ = {
			isa = XCBuildConfiguration;
			buildSettings = {
				ASSETCATALOG_COMPILER_APPICON_NAME = AppIcon;
				DEVELOPMENT_TEAM = QA5Y9X23SN;
				INFOPLIST_FILE = "ios-travis-sample/Info.plist";
				LD_RUNPATH_SEARCH_PATHS = "$(inherited) @executable_path/Frameworks";
				PRODUCT_BUNDLE_IDENTIFIER = "io.shtanko.travis-sample";
				PRODUCT_NAME = "$(TARGET_NAME)";
				SWIFT_VERSION = 4.0;
				TARGETED_DEVICE_FAMILY = "1,2";
			};
			name = Debug;
		};
		F4740AA41F5F4D0D00180099 /* Release */ = {
			isa = XCBuildConfiguration;
			buildSettings = {
				ASSETCATALOG_COMPILER_APPICON_NAME = AppIcon;
				DEVELOPMENT_TEAM = QA5Y9X23SN;
				INFOPLIST_FILE = "ios-travis-sample/Info.plist";
				LD_RUNPATH_SEARCH_PATHS = "$(inherited) @executable_path/Frameworks";
				PRODUCT_BUNDLE_IDENTIFIER = "io.shtanko.travis-sample";
				PRODUCT_NAME = "$(TARGET_NAME)";
				SWIFT_VERSION = 4.0;
				TARGETED_DEVICE_FAMILY = "1,2";
			};
			name = Release;
		};
		F4740AA61F5F4D0D00180099 /* Debug */ = {
			isa = XCBuildConfiguration;
			buildSettings = {
				ALWAYS_EMBED_SWIFT_STANDARD_LIBRARIES = YES;
				BUNDLE_LOADER = "$(TEST_HOST)";
				DEVELOPMENT_TEAM = QA5Y9X23SN;
				INFOPLIST_FILE = "ios-travis-sampleTests/Info.plist";
				LD_RUNPATH_SEARCH_PATHS = "$(inherited) @executable_path/Frameworks @loader_path/Frameworks";
				PRODUCT_BUNDLE_IDENTIFIER = "io.shtanko.ios-travis-sampleTests";
				PRODUCT_NAME = "$(TARGET_NAME)";
				SWIFT_VERSION = 4.0;
				TARGETED_DEVICE_FAMILY = "1,2";
				TEST_HOST = "$(BUILT_PRODUCTS_DIR)/ios-travis-sample.app/ios-travis-sample";
			};
			name = Debug;
		};
		F4740AA71F5F4D0D00180099 /* Release */ = {
			isa = XCBuildConfiguration;
			buildSettings = {
				ALWAYS_EMBED_SWIFT_STANDARD_LIBRARIES = YES;
				BUNDLE_LOADER = "$(TEST_HOST)";
				DEVELOPMENT_TEAM = QA5Y9X23SN;
				INFOPLIST_FILE = "ios-travis-sampleTests/Info.plist";
				LD_RUNPATH_SEARCH_PATHS = "$(inherited) @executable_path/Frameworks @loader_path/Frameworks";
				PRODUCT_BUNDLE_IDENTIFIER = "io.shtanko.ios-travis-sampleTests";
				PRODUCT_NAME = "$(TARGET_NAME)";
				SWIFT_VERSION = 4.0;
				TARGETED_DEVICE_FAMILY = "1,2";
				TEST_HOST = "$(BUILT_PRODUCTS_DIR)/ios-travis-sample.app/ios-travis-sample";
			};
			name = Release;
		};
		F4740AA91F5F4D0D00180099 /* Debug */ = {
			isa = XCBuildConfiguration;
			buildSettings = {
				ALWAYS_EMBED_SWIFT_STANDARD_LIBRARIES = YES;
				DEVELOPMENT_TEAM = QA5Y9X23SN;
				INFOPLIST_FILE = "ios-travis-sampleUITests/Info.plist";
				LD_RUNPATH_SEARCH_PATHS = "$(inherited) @executable_path/Frameworks @loader_path/Frameworks";
				PRODUCT_BUNDLE_IDENTIFIER = "io.shtanko.ios-travis-sampleUITests";
				PRODUCT_NAME = "$(TARGET_NAME)";
				SWIFT_VERSION = 4.0;
				TARGETED_DEVICE_FAMILY = "1,2";
				TEST_TARGET_NAME = "ios-travis-sample";
			};
			name = Debug;
		};
		F4740AAA1F5F4D0D00180099 /* Release */ = {
			isa = XCBuildConfiguration;
			buildSettings = {
				ALWAYS_EMBED_SWIFT_STANDARD_LIBRARIES = YES;
				DEVELOPMENT_TEAM = QA5Y9X23SN;
				INFOPLIST_FILE = "ios-travis-sampleUITests/Info.plist";
				LD_RUNPATH_SEARCH_PATHS = "$(inherited) @executable_path/Frameworks @loader_path/Frameworks";
				PRODUCT_BUNDLE_IDENTIFIER = "io.shtanko.ios-travis-sampleUITests";
				PRODUCT_NAME = "$(TARGET_NAME)";
				SWIFT_VERSION = 4.0;
				TARGETED_DEVICE_FAMILY = "1,2";
				TEST_TARGET_NAME = "ios-travis-sample";
			};
			name = Release;
		};
/* End XCBuildConfiguration section */

/* Begin XCConfigurationList section */
		F4740A751F5F4D0D00180099 /* Build configuration list for PBXProject "ios-travis-sample" */ = {
			isa = XCConfigurationList;
			buildConfigurations = (
				F4740AA01F5F4D0D00180099 /* Debug */,
				F4740AA11F5F4D0D00180099 /* Release */,
			);
			defaultConfigurationIsVisible = 0;
			defaultConfigurationName = Release;
		};
		F4740AA21F5F4D0D00180099 /* Build configuration list for PBXNativeTarget "ios-travis-sample" */ = {
			isa = XCConfigurationList;
			buildConfigurations = (
				F4740AA31F5F4D0D00180099 /* Debug */,
				F4740AA41F5F4D0D00180099 /* Release */,
			);
			defaultConfigurationIsVisible = 0;
		};
		F4740AA51F5F4D0D00180099 /* Build configuration list for PBXNativeTarget "ios-travis-sampleTests" */ = {
			isa = XCConfigurationList;
			buildConfigurations = (
				F4740AA61F5F4D0D00180099 /* Debug */,
				F4740AA71F5F4D0D00180099 /* Release */,
			);
			defaultConfigurationIsVisible = 0;
		};
		F4740AA81F5F4D0D00180099 /* Build configuration list for PBXNativeTarget "ios-travis-sampleUITests" */ = {
			isa = XCConfigurationList;
			buildConfigurations = (
				F4740AA91F5F4D0D00180099 /* Debug */,
				F4740AAA1F5F4D0D00180099 /* Release */,
			);
			defaultConfigurationIsVisible = 0;
		};
/* End XCConfigurationList section */
	};
	rootObject = F4740A721F5F4D0D00180099 /* Project object */;
}
